
Microsoft Visual Studio Solution File, Format Version 12.00
# Visual Studio Version 16
VisualStudioVersion = 16.0.29728.190
MinimumVisualStudioVersion = 10.0.40219.1
Project("{FAE04EC0-301F-11D3-BF4B-00C04F79EFBC}") = "Digivance.Client", "Digivance.Client\Digivance.Client.csproj", "{2E1E8D2D-F8D6-4BAA-980D-D2F0E77BE041}"
EndProject
Global
	GlobalSection(SolutionConfigurationPlatforms) = preSolution
		Debug|Any CPU = Debug|Any CPU
		Release|Any CPU = Release|Any CPU
	EndGlobalSection
	GlobalSection(ProjectConfigurationPlatforms) = postSolution
		{2E1E8D2D-F8D6-4BAA-980D-D2F0E77BE041}.Debug|Any CPU.ActiveCfg = Debug|Any CPU
		{2E1E8D2D-F8D6-4BAA-980D-D2F0E77BE041}.Debug|Any CPU.Build.0 = Debug|Any CPU
		{2E1E8D2D-F8D6-4BAA-980D-D2F0E77BE041}.Release|Any CPU.ActiveCfg = Release|Any CPU
		{2E1E8D2D-F8D6-4BAA-980D-D2F0E77BE041}.Release|Any CPU.Build.0 = Release|Any CPU
	EndGlobalSection
	GlobalSection(SolutionProperties) = preSolution
		HideSolutionNode = FALSE
	EndGlobalSection
	GlobalSection(ExtensibilityGlobals) = postSolution
		SolutionGuid = {E6024E61-9D37-4B3F-9DB7-74DF720EC510}
	EndGlobalSection
EndGlobal
